
Microsoft Visual Studio Solution File, Format Version 12.00
# Visual Studio 15
VisualStudioVersion = 15.0.27428.2015
MinimumVisualStudioVersion = 10.0.40219.1
Project("{9A19103F-16F7-4668-BE54-9A1E7A4F7556}") = "WeatherApp", "WeatherApp\WeatherApp.csproj", "{30C3B56B-34AB-4EA1-AEF4-B3BB5311C0A1}"
EndProject
Project("{FAE04EC0-301F-11D3-BF4B-00C04F79EFBC}") = "WeatherApp.Android", "WeatherApp.Android\WeatherApp.Android.csproj", "{ABDFE4E5-DBB4-4196-ADE3-5955B2CA7712}"
EndProject
Global
	GlobalSection(SolutionConfigurationPlatforms) = preSolution
		Debug|Any CPU = Debug|Any CPU
		Release|Any CPU = Release|Any CPU
	EndGlobalSection
	GlobalSection(ProjectConfigurationPlatforms) = postSolution
		{30C3B56B-34AB-4EA1-AEF4-B3BB5311C0A1}.Debug|Any CPU.ActiveCfg = Debug|Any CPU
		{30C3B56B-34AB-4EA1-AEF4-B3BB5311C0A1}.Debug|Any CPU.Build.0 = Debug|Any CPU
		{30C3B56B-34AB-4EA1-AEF4-B3BB5311C0A1}.Release|Any CPU.ActiveCfg = Release|Any CPU
		{30C3B56B-34AB-4EA1-AEF4-B3BB5311C0A1}.Release|Any CPU.Build.0 = Release|Any CPU
		{ABDFE4E5-DBB4-4196-ADE3-5955B2CA7712}.Debug|Any CPU.ActiveCfg = Debug|Any CPU
		{ABDFE4E5-DBB4-4196-ADE3-5955B2CA7712}.Debug|Any CPU.Build.0 = Debug|Any CPU
		{ABDFE4E5-DBB4-4196-ADE3-5955B2CA7712}.Debug|Any CPU.Deploy.0 = Debug|Any CPU
		{ABDFE4E5-DBB4-4196-ADE3-5955B2CA7712}.Release|Any CPU.ActiveCfg = Release|Any CPU
		{ABDFE4E5-DBB4-4196-ADE3-5955B2CA7712}.Release|Any CPU.Build.0 = Release|Any CPU
		{ABDFE4E5-DBB4-4196-ADE3-5955B2CA7712}.Release|Any CPU.Deploy.0 = Release|Any CPU
	EndGlobalSection
	GlobalSection(SolutionProperties) = preSolution
		HideSolutionNode = FALSE
	EndGlobalSection
	GlobalSection(ExtensibilityGlobals) = postSolution
		SolutionGuid = {A9F7DE5D-9FCD-453C-9180-75CD0653651A}
	EndGlobalSection
EndGlobal
